
Microsoft Visual Studio Solution File, Format Version 12.00
# Visual Studio 15
VisualStudioVersion = 15.0.28307.106
MinimumVisualStudioVersion = 10.0.40219.1
Project("{8BC9CEB8-8B4A-11D0-8D11-00A0C91BC942}") = "Oska", "Oska\Oska.vcxproj", "{0181E85B-3CD1-4783-828D-27ABB48EBB7D}"
EndProject
Global
	GlobalSection(SolutionConfigurationPlatforms) = preSolution
		Debug|x64 = Debug|x64
		Debug|x86 = Debug|x86
		Release|x64 = Release|x64
		Release|x86 = Release|x86
	EndGlobalSection
	GlobalSection(ProjectConfigurationPlatforms) = postSolution
		{0181E85B-3CD1-4783-828D-27ABB48EBB7D}.Debug|x64.ActiveCfg = Debug|x64
		{0181E85B-3CD1-4783-828D-27ABB48EBB7D}.Debug|x64.Build.0 = Debug|x64
		{0181E85B-3CD1-4783-828D-27ABB48EBB7D}.Debug|x86.ActiveCfg = Debug|Win32
		{0181E85B-3CD1-4783-828D-27ABB48EBB7D}.Debug|x86.Build.0 = Debug|Win32
		{0181E85B-3CD1-4783-828D-27ABB48EBB7D}.Release|x64.ActiveCfg = Release|x64
		{0181E85B-3CD1-4783-828D-27ABB48EBB7D}.Release|x64.Build.0 = Release|x64
		{0181E85B-3CD1-4783-828D-27ABB48EBB7D}.Release|x86.ActiveCfg = Release|Win32
		{0181E85B-3CD1-4783-828D-27ABB48EBB7D}.Release|x86.Build.0 = Release|Win32
	EndGlobalSection
	GlobalSection(SolutionProperties) = preSolution
		HideSolutionNode = FALSE
	EndGlobalSection
	GlobalSection(ExtensibilityGlobals) = postSolution
		SolutionGuid = {DEBFB999-35D2-4551-A1AC-91C378935E7A}
	EndGlobalSection
EndGlobal
